
Microsoft Visual Studio Solution File, Format Version 12.00
# Visual Studio Version 17
VisualStudioVersion = 17.14.36511.14 d17.14
MinimumVisualStudioVersion = 10.0.40219.1
Project("{FAE04EC0-301F-11D3-BF4B-00C04F79EFBC}") = "MYCOLL", "MYCOLL\MYCOLL.csproj", "{67E760A9-5630-4848-8D63-B32AA6052810}"
EndProject
Global
	GlobalSection(SolutionConfigurationPlatforms) = preSolution
		Debug|Any CPU = Debug|Any CPU
		Release|Any CPU = Release|Any CPU
	EndGlobalSection
	GlobalSection(ProjectConfigurationPlatforms) = postSolution
		{67E760A9-5630-4848-8D63-B32AA6052810}.Debug|Any CPU.ActiveCfg = Debug|Any CPU
		{67E760A9-5630-4848-8D63-B32AA6052810}.Debug|Any CPU.Build.0 = Debug|Any CPU
		{67E760A9-5630-4848-8D63-B32AA6052810}.Release|Any CPU.ActiveCfg = Release|Any CPU
		{67E760A9-5630-4848-8D63-B32AA6052810}.Release|Any CPU.Build.0 = Release|Any CPU
	EndGlobalSection
	GlobalSection(SolutionProperties) = preSolution
		HideSolutionNode = FALSE
	EndGlobalSection
	GlobalSection(ExtensibilityGlobals) = postSolution
		SolutionGuid = {20E03F6D-3163-4A7B-8ECB-21EF0746B4EA}
	EndGlobalSection
EndGlobal
