
Microsoft Visual Studio Solution File, Format Version 12.00
# Visual Studio Version 17
VisualStudioVersion = 17.14.36511.14
MinimumVisualStudioVersion = 10.0.40219.1
Project("{FAE04EC0-301F-11D3-BF4B-00C04F79EFBC}") = "MYCOLL", "MYCOLL\MYCOLL.csproj", "{67E760A9-5630-4848-8D63-B32AA6052810}"
EndProject
Project("{FAE04EC0-301F-11D3-BF4B-00C04F79EFBC}") = "RESTfulAPIMYCOLL", "RESTfulAPIMYCOLL\RESTfulAPIMYCOLL.csproj", "{93F66213-439B-4AAA-9E16-261D25C518A7}"
EndProject
Project("{FAE04EC0-301F-11D3-BF4B-00C04F79EFBC}") = "MYCOLL.MAUI", "MYCOLL.MAUI\MYCOLL.MAUI.csproj", "{C04F5229-917A-441D-839B-6DA31716E202}"
EndProject
Project("{FAE04EC0-301F-11D3-BF4B-00C04F79EFBC}") = "MYCOLL.Web", "MYCOLL.Web\MYCOLL.Web.csproj", "{6BAD2F01-17C6-41DD-ACCF-64822767BDB7}"
EndProject
Project("{FAE04EC0-301F-11D3-BF4B-00C04F79EFBC}") = "MYCOLL.RCL", "MYCOLL.RCL\MYCOLL.RCL.csproj", "{1A520548-55CB-4B66-BC7B-C6AD4A179502}"
EndProject
Global
	GlobalSection(SolutionConfigurationPlatforms) = preSolution
		Debug|Any CPU = Debug|Any CPU
		Release|Any CPU = Release|Any CPU
	EndGlobalSection
	GlobalSection(ProjectConfigurationPlatforms) = postSolution
		{67E760A9-5630-4848-8D63-B32AA6052810}.Debug|Any CPU.ActiveCfg = Debug|Any CPU
		{67E760A9-5630-4848-8D63-B32AA6052810}.Debug|Any CPU.Build.0 = Debug|Any CPU
		{67E760A9-5630-4848-8D63-B32AA6052810}.Release|Any CPU.ActiveCfg = Release|Any CPU
		{67E760A9-5630-4848-8D63-B32AA6052810}.Release|Any CPU.Build.0 = Release|Any CPU
		{93F66213-439B-4AAA-9E16-261D25C518A7}.Debug|Any CPU.ActiveCfg = Debug|Any CPU
		{93F66213-439B-4AAA-9E16-261D25C518A7}.Debug|Any CPU.Build.0 = Debug|Any CPU
		{93F66213-439B-4AAA-9E16-261D25C518A7}.Release|Any CPU.ActiveCfg = Release|Any CPU
		{93F66213-439B-4AAA-9E16-261D25C518A7}.Release|Any CPU.Build.0 = Release|Any CPU
		{C04F5229-917A-441D-839B-6DA31716E202}.Debug|Any CPU.ActiveCfg = Debug|Any CPU
		{C04F5229-917A-441D-839B-6DA31716E202}.Debug|Any CPU.Build.0 = Debug|Any CPU
		{C04F5229-917A-441D-839B-6DA31716E202}.Debug|Any CPU.Deploy.0 = Debug|Any CPU
		{C04F5229-917A-441D-839B-6DA31716E202}.Release|Any CPU.ActiveCfg = Release|Any CPU
		{C04F5229-917A-441D-839B-6DA31716E202}.Release|Any CPU.Build.0 = Release|Any CPU
		{C04F5229-917A-441D-839B-6DA31716E202}.Release|Any CPU.Deploy.0 = Release|Any CPU
		{6BAD2F01-17C6-41DD-ACCF-64822767BDB7}.Debug|Any CPU.ActiveCfg = Debug|Any CPU
		{6BAD2F01-17C6-41DD-ACCF-64822767BDB7}.Debug|Any CPU.Build.0 = Debug|Any CPU
		{6BAD2F01-17C6-41DD-ACCF-64822767BDB7}.Release|Any CPU.ActiveCfg = Release|Any CPU
		{6BAD2F01-17C6-41DD-ACCF-64822767BDB7}.Release|Any CPU.Build.0 = Release|Any CPU
		{1A520548-55CB-4B66-BC7B-C6AD4A179502}.Debug|Any CPU.ActiveCfg = Debug|Any CPU
		{1A520548-55CB-4B66-BC7B-C6AD4A179502}.Debug|Any CPU.Build.0 = Debug|Any CPU
		{1A520548-55CB-4B66-BC7B-C6AD4A179502}.Release|Any CPU.ActiveCfg = Release|Any CPU
		{1A520548-55CB-4B66-BC7B-C6AD4A179502}.Release|Any CPU.Build.0 = Release|Any CPU
	EndGlobalSection
	GlobalSection(SolutionProperties) = preSolution
		HideSolutionNode = FALSE
	EndGlobalSection
	GlobalSection(ExtensibilityGlobals) = postSolution
		SolutionGuid = {20E03F6D-3163-4A7B-8ECB-21EF0746B4EA}
	EndGlobalSection
EndGlobal
